// !$*UTF8*$!
{
	archiveVersion = 1;
	classes = {
	};
	objectVersion = 46;
	objects = {

/* Begin PBXBuildFile section */
		1B0F969719536E3F004FD9BD /* ZHHMainScrollView.m in Sources */ = {isa = PBXBuildFile; fileRef = 1B0F969619536E3F004FD9BD /* ZHHMainScrollView.m */; };
		1B0F969D1953DE13004FD9BD /* ZHHHandyMacros.m in Sources */ = {isa = PBXBuildFile; fileRef = 1B0F969C1953DE13004FD9BD /* ZHHHandyMacros.m */; };
		1B0F96A21953EE77004FD9BD /* AudioToolbox.framework in Frameworks */ = {isa = PBXBuildFile; fileRef = 1B0F96A11953EE77004FD9BD /* AudioToolbox.framework */; };
		1B0F96A41953EE80004FD9BD /* CFNetwork.framework in Frameworks */ = {isa = PBXBuildFile; fileRef = 1B0F96A31953EE80004FD9BD /* CFNetwork.framework */; };
		1B0F96A61953EE8C004FD9BD /* CoreLocation.framework in Frameworks */ = {isa = PBXBuildFile; fileRef = 1B0F96A51953EE8C004FD9BD /* CoreLocation.framework */; };
		1B0F96A81953EE91004FD9BD /* libz.dylib in Frameworks */ = {isa = PBXBuildFile; fileRef = 1B0F96A71953EE91004FD9BD /* libz.dylib */; };
		1B0F96AA1953EE97004FD9BD /* MobileCoreServices.framework in Frameworks */ = {isa = PBXBuildFile; fileRef = 1B0F96A91953EE97004FD9BD /* MobileCoreServices.framework */; };
		1B0F96AC1953EE9D004FD9BD /* QuartzCore.framework in Frameworks */ = {isa = PBXBuildFile; fileRef = 1B0F96AB1953EE9D004FD9BD /* QuartzCore.framework */; };
		1B0F96AE1953EEA2004FD9BD /* Security.framework in Frameworks */ = {isa = PBXBuildFile; fileRef = 1B0F96AD1953EEA2004FD9BD /* Security.framework */; };
		1B0F96B01953EEA8004FD9BD /* StoreKit.framework in Frameworks */ = {isa = PBXBuildFile; fileRef = 1B0F96AF1953EEA8004FD9BD /* StoreKit.framework */; };
		1B0F96B21953EEAE004FD9BD /* SystemConfiguration.framework in Frameworks */ = {isa = PBXBuildFile; fileRef = 1B0F96B11953EEAE004FD9BD /* SystemConfiguration.framework */; };
		1B0F96B81953EF02004FD9BD /* UIApplication+AppVersion.m in Sources */ = {isa = PBXBuildFile; fileRef = 1B0F96B51953EF02004FD9BD /* UIApplication+AppVersion.m */; };
		1B0F96B91953EF02004FD9BD /* UIDevice-Hardware.m in Sources */ = {isa = PBXBuildFile; fileRef = 1B0F96B71953EF02004FD9BD /* UIDevice-Hardware.m */; };
		1B0F96C01953EF1E004FD9BD /* ZHHParseDevice.m in Sources */ = {isa = PBXBuildFile; fileRef = 1B0F96BE1953EF1E004FD9BD /* ZHHParseDevice.m */; };
		1B0F96DB19547C39004FD9BD /* TVEpisode.m in Sources */ = {isa = PBXBuildFile; fileRef = 1B0F96DA19547C39004FD9BD /* TVEpisode.m */; };
		1B0F96DF19547C5A004FD9BD /* TVShow.m in Sources */ = {isa = PBXBuildFile; fileRef = 1B0F96DE19547C5A004FD9BD /* TVShow.m */; };
		1B0F96F01954C3B9004FD9BD /* TVShowStore.m in Sources */ = {isa = PBXBuildFile; fileRef = 1B0F96EF1954C3B9004FD9BD /* TVShowStore.m */; };
		1B0F96F31954CF4A004FD9BD /* TVAPIClient.m in Sources */ = {isa = PBXBuildFile; fileRef = 1B0F96F21954CF4A004FD9BD /* TVAPIClient.m */; };
		1B0F96F81955DD8D004FD9BD /* NSString+PJR.m in Sources */ = {isa = PBXBuildFile; fileRef = 1B0F96F61955DD8D004FD9BD /* NSString+PJR.m */; };
		1B0F96F91955DD8D004FD9BD /* README.md in Resources */ = {isa = PBXBuildFile; fileRef = 1B0F96F71955DD8D004FD9BD /* README.md */; };
		1B3E9BB7195A5371000D144E /* TVEpisodeTableViewCell.m in Sources */ = {isa = PBXBuildFile; fileRef = 1B3E9BB6195A5371000D144E /* TVEpisodeTableViewCell.m */; };
		1B7B31CD19465FE600848D85 /* CoreGraphics.framework in Frameworks */ = {isa = PBXBuildFile; fileRef = 1B7B31CC19465FE600848D85 /* CoreGraphics.framework */; };
		1B7B31CF19465FE600848D85 /* UIKit.framework in Frameworks */ = {isa = PBXBuildFile; fileRef = 1B7B31CE19465FE600848D85 /* UIKit.framework */; };
		1B7B31D519465FE700848D85 /* InfoPlist.strings in Resources */ = {isa = PBXBuildFile; fileRef = 1B7B31D319465FE700848D85 /* InfoPlist.strings */; };
		1B7B31D719465FE700848D85 /* main.m in Sources */ = {isa = PBXBuildFile; fileRef = 1B7B31D619465FE700848D85 /* main.m */; };
		1B7B31DB19465FE700848D85 /* TVAppDelegate.m in Sources */ = {isa = PBXBuildFile; fileRef = 1B7B31DA19465FE700848D85 /* TVAppDelegate.m */; };
		1B7B31DD19465FE700848D85 /* Images.xcassets in Resources */ = {isa = PBXBuildFile; fileRef = 1B7B31DC19465FE700848D85 /* Images.xcassets */; };
		1B7B31E419465FE700848D85 /* XCTest.framework in Frameworks */ = {isa = PBXBuildFile; fileRef = 1B7B31E319465FE700848D85 /* XCTest.framework */; };
		1B7B31E519465FE700848D85 /* Foundation.framework in Frameworks */ = {isa = PBXBuildFile; fileRef = 1B7B31CA19465FE600848D85 /* Foundation.framework */; };
		1B7B31E619465FE700848D85 /* UIKit.framework in Frameworks */ = {isa = PBXBuildFile; fileRef = 1B7B31CE19465FE600848D85 /* UIKit.framework */; };
		1B7B31EE19465FE700848D85 /* InfoPlist.strings in Resources */ = {isa = PBXBuildFile; fileRef = 1B7B31EC19465FE700848D85 /* InfoPlist.strings */; };
		1B7B31F019465FE700848D85 /* TivaTests.m in Sources */ = {isa = PBXBuildFile; fileRef = 1B7B31EF19465FE700848D85 /* TivaTests.m */; };
		1B7EC5E5195910A400489712 /* TVLoginViewController.m in Sources */ = {isa = PBXBuildFile; fileRef = 1B7EC5E4195910A400489712 /* TVLoginViewController.m */; };
		1B932A7D19577EF50071843D /* TVCalendarViewController.m in Sources */ = {isa = PBXBuildFile; fileRef = 1B932A7C19577EF50071843D /* TVCalendarViewController.m */; };
		1B932A80195780C20071843D /* TVCalendarShowView.m in Sources */ = {isa = PBXBuildFile; fileRef = 1B932A7F195780C20071843D /* TVCalendarShowView.m */; };
		1B932A83195792F90071843D /* NSMutableArray+InsertInOrder.m in Sources */ = {isa = PBXBuildFile; fileRef = 1B932A82195792F90071843D /* NSMutableArray+InsertInOrder.m */; };
		1B932A871958C0830071843D /* TVRoundedButton.m in Sources */ = {isa = PBXBuildFile; fileRef = 1B932A861958C0830071843D /* TVRoundedButton.m */; };
		1B932A8A1958CB210071843D /* TVHelperMethods.m in Sources */ = {isa = PBXBuildFile; fileRef = 1B932A891958CB210071843D /* TVHelperMethods.m */; };
		1B9AE9941950CC3600F0691B /* TVMainViewController.m in Sources */ = {isa = PBXBuildFile; fileRef = 1B9AE9931950CC3600F0691B /* TVMainViewController.m */; };
		1BC839441956753400679347 /* Foundation.framework in Frameworks */ = {isa = PBXBuildFile; fileRef = 1B7B31CA19465FE600848D85 /* Foundation.framework */; };
		1BEDB70D19566A12005FFE29 /* TVTraktUser.m in Sources */ = {isa = PBXBuildFile; fileRef = 1BEDB70C19566A12005FFE29 /* TVTraktUser.m */; };
		37A79D7D43784F51A730C1A6 /* libPods-Tiva.a in Frameworks */ = {isa = PBXBuildFile; fileRef = 4C4B8EEB9A3846378CFFFE8B /* libPods-Tiva.a */; };
		97C2B7EA19536DD700B0A063 /* TVShowDetailsViewController.m in Sources */ = {isa = PBXBuildFile; fileRef = 97C2B7E819536DD700B0A063 /* TVShowDetailsViewController.m */; };
		97C2B7EB19536DD700B0A063 /* TVShowDetailsViewController.xib in Resources */ = {isa = PBXBuildFile; fileRef = 97C2B7E919536DD700B0A063 /* TVShowDetailsViewController.xib */; };
		97C2B7ED1957772800B0A063 /* BreakingBadPoster.jpeg in Resources */ = {isa = PBXBuildFile; fileRef = 97C2B7EC1957772800B0A063 /* BreakingBadPoster.jpeg */; };
		97C2B7EF1957776D00B0A063 /* 1372240878_breaking_bad.jpeg in Resources */ = {isa = PBXBuildFile; fileRef = 97C2B7EE1957776D00B0A063 /* 1372240878_breaking_bad.jpeg */; };
/* End PBXBuildFile section */

/* Begin PBXContainerItemProxy section */
		1B7B31E719465FE700848D85 /* PBXContainerItemProxy */ = {
			isa = PBXContainerItemProxy;
			containerPortal = 1B7B31BF19465FE600848D85 /* Project object */;
			proxyType = 1;
			remoteGlobalIDString = 1B7B31C619465FE600848D85;
			remoteInfo = Tiva;
		};
/* End PBXContainerItemProxy section */

/* Begin PBXFileReference section */
		1B0F969519536E3F004FD9BD /* ZHHMainScrollView.h */ = {isa = PBXFileReference; fileEncoding = 4; lastKnownFileType = sourcecode.c.h; name = ZHHMainScrollView.h; path = View/ZHHMainScrollView.h; sourceTree = "<group>"; };
		1B0F969619536E3F004FD9BD /* ZHHMainScrollView.m */ = {isa = PBXFileReference; fileEncoding = 4; lastKnownFileType = sourcecode.c.objc; name = ZHHMainScrollView.m; path = View/ZHHMainScrollView.m; sourceTree = "<group>"; };
		1B0F969B1953DE13004FD9BD /* ZHHHandyMacros.h */ = {isa = PBXFileReference; fileEncoding = 4; lastKnownFileType = sourcecode.c.h; path = ZHHHandyMacros.h; sourceTree = "<group>"; };
		1B0F969C1953DE13004FD9BD /* ZHHHandyMacros.m */ = {isa = PBXFileReference; fileEncoding = 4; lastKnownFileType = sourcecode.c.objc; path = ZHHHandyMacros.m; sourceTree = "<group>"; };
		1B0F96A11953EE77004FD9BD /* AudioToolbox.framework */ = {isa = PBXFileReference; lastKnownFileType = wrapper.framework; name = AudioToolbox.framework; path = System/Library/Frameworks/AudioToolbox.framework; sourceTree = SDKROOT; };
		1B0F96A31953EE80004FD9BD /* CFNetwork.framework */ = {isa = PBXFileReference; lastKnownFileType = wrapper.framework; name = CFNetwork.framework; path = System/Library/Frameworks/CFNetwork.framework; sourceTree = SDKROOT; };
		1B0F96A51953EE8C004FD9BD /* CoreLocation.framework */ = {isa = PBXFileReference; lastKnownFileType = wrapper.framework; name = CoreLocation.framework; path = System/Library/Frameworks/CoreLocation.framework; sourceTree = SDKROOT; };
		1B0F96A71953EE91004FD9BD /* libz.dylib */ = {isa = PBXFileReference; lastKnownFileType = "compiled.mach-o.dylib"; name = libz.dylib; path = usr/lib/libz.dylib; sourceTree = SDKROOT; };
		1B0F96A91953EE97004FD9BD /* MobileCoreServices.framework */ = {isa = PBXFileReference; lastKnownFileType = wrapper.framework; name = MobileCoreServices.framework; path = System/Library/Frameworks/MobileCoreServices.framework; sourceTree = SDKROOT; };
		1B0F96AB1953EE9D004FD9BD /* QuartzCore.framework */ = {isa = PBXFileReference; lastKnownFileType = wrapper.framework; name = QuartzCore.framework; path = System/Library/Frameworks/QuartzCore.framework; sourceTree = SDKROOT; };
		1B0F96AD1953EEA2004FD9BD /* Security.framework */ = {isa = PBXFileReference; lastKnownFileType = wrapper.framework; name = Security.framework; path = System/Library/Frameworks/Security.framework; sourceTree = SDKROOT; };
		1B0F96AF1953EEA8004FD9BD /* StoreKit.framework */ = {isa = PBXFileReference; lastKnownFileType = wrapper.framework; name = StoreKit.framework; path = System/Library/Frameworks/StoreKit.framework; sourceTree = SDKROOT; };
		1B0F96B11953EEAE004FD9BD /* SystemConfiguration.framework */ = {isa = PBXFileReference; lastKnownFileType = wrapper.framework; name = SystemConfiguration.framework; path = System/Library/Frameworks/SystemConfiguration.framework; sourceTree = SDKROOT; };
		1B0F96B41953EF02004FD9BD /* UIApplication+AppVersion.h */ = {isa = PBXFileReference; fileEncoding = 4; lastKnownFileType = sourcecode.c.h; path = "UIApplication+AppVersion.h"; sourceTree = "<group>"; };
		1B0F96B51953EF02004FD9BD /* UIApplication+AppVersion.m */ = {isa = PBXFileReference; fileEncoding = 4; lastKnownFileType = sourcecode.c.objc; path = "UIApplication+AppVersion.m"; sourceTree = "<group>"; };
		1B0F96B61953EF02004FD9BD /* UIDevice-Hardware.h */ = {isa = PBXFileReference; fileEncoding = 4; lastKnownFileType = sourcecode.c.h; path = "UIDevice-Hardware.h"; sourceTree = "<group>"; };
		1B0F96B71953EF02004FD9BD /* UIDevice-Hardware.m */ = {isa = PBXFileReference; fileEncoding = 4; lastKnownFileType = sourcecode.c.objc; path = "UIDevice-Hardware.m"; sourceTree = "<group>"; };
		1B0F96BD1953EF1E004FD9BD /* ZHHParseDevice.h */ = {isa = PBXFileReference; fileEncoding = 4; lastKnownFileType = sourcecode.c.h; path = ZHHParseDevice.h; sourceTree = "<group>"; };
		1B0F96BE1953EF1E004FD9BD /* ZHHParseDevice.m */ = {isa = PBXFileReference; fileEncoding = 4; lastKnownFileType = sourcecode.c.objc; path = ZHHParseDevice.m; sourceTree = "<group>"; };
		1B0F96D919547C39004FD9BD /* TVEpisode.h */ = {isa = PBXFileReference; fileEncoding = 4; lastKnownFileType = sourcecode.c.h; name = TVEpisode.h; path = Model/TVEpisode.h; sourceTree = "<group>"; };
		1B0F96DA19547C39004FD9BD /* TVEpisode.m */ = {isa = PBXFileReference; fileEncoding = 4; lastKnownFileType = sourcecode.c.objc; name = TVEpisode.m; path = Model/TVEpisode.m; sourceTree = "<group>"; };
		1B0F96DD19547C5A004FD9BD /* TVShow.h */ = {isa = PBXFileReference; fileEncoding = 4; lastKnownFileType = sourcecode.c.h; name = TVShow.h; path = Model/TVShow.h; sourceTree = "<group>"; };
		1B0F96DE19547C5A004FD9BD /* TVShow.m */ = {isa = PBXFileReference; fileEncoding = 4; lastKnownFileType = sourcecode.c.objc; name = TVShow.m; path = Model/TVShow.m; sourceTree = "<group>"; };
		1B0F96EE1954C3B9004FD9BD /* TVShowStore.h */ = {isa = PBXFileReference; fileEncoding = 4; lastKnownFileType = sourcecode.c.h; name = TVShowStore.h; path = Model/TVShowStore.h; sourceTree = "<group>"; };
		1B0F96EF1954C3B9004FD9BD /* TVShowStore.m */ = {isa = PBXFileReference; fileEncoding = 4; lastKnownFileType = sourcecode.c.objc; name = TVShowStore.m; path = Model/TVShowStore.m; sourceTree = "<group>"; };
		1B0F96F11954CF4A004FD9BD /* TVAPIClient.h */ = {isa = PBXFileReference; fileEncoding = 4; lastKnownFileType = sourcecode.c.h; path = TVAPIClient.h; sourceTree = "<group>"; };
		1B0F96F21954CF4A004FD9BD /* TVAPIClient.m */ = {isa = PBXFileReference; fileEncoding = 4; lastKnownFileType = sourcecode.c.objc; path = TVAPIClient.m; sourceTree = "<group>"; };
		1B0F96F51955DD8D004FD9BD /* NSString+PJR.h */ = {isa = PBXFileReference; fileEncoding = 4; lastKnownFileType = sourcecode.c.h; path = "NSString+PJR.h"; sourceTree = "<group>"; };
		1B0F96F61955DD8D004FD9BD /* NSString+PJR.m */ = {isa = PBXFileReference; fileEncoding = 4; lastKnownFileType = sourcecode.c.objc; path = "NSString+PJR.m"; sourceTree = "<group>"; };
		1B0F96F71955DD8D004FD9BD /* README.md */ = {isa = PBXFileReference; fileEncoding = 4; lastKnownFileType = text; path = README.md; sourceTree = "<group>"; };
		1B3E9BB5195A5371000D144E /* TVEpisodeTableViewCell.h */ = {isa = PBXFileReference; fileEncoding = 4; lastKnownFileType = sourcecode.c.h; name = TVEpisodeTableViewCell.h; path = View/TVEpisodeTableViewCell.h; sourceTree = "<group>"; };
		1B3E9BB6195A5371000D144E /* TVEpisodeTableViewCell.m */ = {isa = PBXFileReference; fileEncoding = 4; lastKnownFileType = sourcecode.c.objc; name = TVEpisodeTableViewCell.m; path = View/TVEpisodeTableViewCell.m; sourceTree = "<group>"; };
		1B7B31C719465FE600848D85 /* Tiva.app */ = {isa = PBXFileReference; explicitFileType = wrapper.application; includeInIndex = 0; path = Tiva.app; sourceTree = BUILT_PRODUCTS_DIR; };
		1B7B31CA19465FE600848D85 /* Foundation.framework */ = {isa = PBXFileReference; lastKnownFileType = wrapper.framework; name = Foundation.framework; path = System/Library/Frameworks/Foundation.framework; sourceTree = SDKROOT; };
		1B7B31CC19465FE600848D85 /* CoreGraphics.framework */ = {isa = PBXFileReference; lastKnownFileType = wrapper.framework; name = CoreGraphics.framework; path = System/Library/Frameworks/CoreGraphics.framework; sourceTree = SDKROOT; };
		1B7B31CE19465FE600848D85 /* UIKit.framework */ = {isa = PBXFileReference; lastKnownFileType = wrapper.framework; name = UIKit.framework; path = System/Library/Frameworks/UIKit.framework; sourceTree = SDKROOT; };
		1B7B31D219465FE700848D85 /* Tiva-Info.plist */ = {isa = PBXFileReference; lastKnownFileType = text.plist.xml; path = "Tiva-Info.plist"; sourceTree = "<group>"; };
		1B7B31D419465FE700848D85 /* en */ = {isa = PBXFileReference; lastKnownFileType = text.plist.strings; name = en; path = en.lproj/InfoPlist.strings; sourceTree = "<group>"; };
		1B7B31D619465FE700848D85 /* main.m */ = {isa = PBXFileReference; lastKnownFileType = sourcecode.c.objc; path = main.m; sourceTree = "<group>"; };
		1B7B31D819465FE700848D85 /* Tiva-Prefix.pch */ = {isa = PBXFileReference; lastKnownFileType = sourcecode.c.h; path = "Tiva-Prefix.pch"; sourceTree = "<group>"; };
		1B7B31D919465FE700848D85 /* TVAppDelegate.h */ = {isa = PBXFileReference; lastKnownFileType = sourcecode.c.h; path = TVAppDelegate.h; sourceTree = "<group>"; };
		1B7B31DA19465FE700848D85 /* TVAppDelegate.m */ = {isa = PBXFileReference; lastKnownFileType = sourcecode.c.objc; path = TVAppDelegate.m; sourceTree = "<group>"; };
		1B7B31DC19465FE700848D85 /* Images.xcassets */ = {isa = PBXFileReference; lastKnownFileType = folder.assetcatalog; path = Images.xcassets; sourceTree = "<group>"; };
		1B7B31E219465FE700848D85 /* TivaTests.xctest */ = {isa = PBXFileReference; explicitFileType = wrapper.cfbundle; includeInIndex = 0; path = TivaTests.xctest; sourceTree = BUILT_PRODUCTS_DIR; };
		1B7B31E319465FE700848D85 /* XCTest.framework */ = {isa = PBXFileReference; lastKnownFileType = wrapper.framework; name = XCTest.framework; path = Library/Frameworks/XCTest.framework; sourceTree = DEVELOPER_DIR; };
		1B7B31EB19465FE700848D85 /* TivaTests-Info.plist */ = {isa = PBXFileReference; lastKnownFileType = text.plist.xml; path = "TivaTests-Info.plist"; sourceTree = "<group>"; };
		1B7B31ED19465FE700848D85 /* en */ = {isa = PBXFileReference; lastKnownFileType = text.plist.strings; name = en; path = en.lproj/InfoPlist.strings; sourceTree = "<group>"; };
		1B7B31EF19465FE700848D85 /* TivaTests.m */ = {isa = PBXFileReference; lastKnownFileType = sourcecode.c.objc; path = TivaTests.m; sourceTree = "<group>"; };
		1B7EC5E3195910A400489712 /* TVLoginViewController.h */ = {isa = PBXFileReference; fileEncoding = 4; lastKnownFileType = sourcecode.c.h; name = TVLoginViewController.h; path = ViewController/TVLoginViewController.h; sourceTree = "<group>"; };
		1B7EC5E4195910A400489712 /* TVLoginViewController.m */ = {isa = PBXFileReference; fileEncoding = 4; lastKnownFileType = sourcecode.c.objc; name = TVLoginViewController.m; path = ViewController/TVLoginViewController.m; sourceTree = "<group>"; };
		1B932A7B19577EF50071843D /* TVCalendarViewController.h */ = {isa = PBXFileReference; fileEncoding = 4; lastKnownFileType = sourcecode.c.h; name = TVCalendarViewController.h; path = ViewController/TVCalendarViewController.h; sourceTree = "<group>"; };
		1B932A7C19577EF50071843D /* TVCalendarViewController.m */ = {isa = PBXFileReference; fileEncoding = 4; lastKnownFileType = sourcecode.c.objc; name = TVCalendarViewController.m; path = ViewController/TVCalendarViewController.m; sourceTree = "<group>"; };
		1B932A7E195780C20071843D /* TVCalendarShowView.h */ = {isa = PBXFileReference; fileEncoding = 4; lastKnownFileType = sourcecode.c.h; name = TVCalendarShowView.h; path = View/TVCalendarShowView.h; sourceTree = "<group>"; };
		1B932A7F195780C20071843D /* TVCalendarShowView.m */ = {isa = PBXFileReference; fileEncoding = 4; lastKnownFileType = sourcecode.c.objc; name = TVCalendarShowView.m; path = View/TVCalendarShowView.m; sourceTree = "<group>"; };
		1B932A81195792F90071843D /* NSMutableArray+InsertInOrder.h */ = {isa = PBXFileReference; fileEncoding = 4; lastKnownFileType = sourcecode.c.h; path = "NSMutableArray+InsertInOrder.h"; sourceTree = "<group>"; };
		1B932A82195792F90071843D /* NSMutableArray+InsertInOrder.m */ = {isa = PBXFileReference; fileEncoding = 4; lastKnownFileType = sourcecode.c.objc; path = "NSMutableArray+InsertInOrder.m"; sourceTree = "<group>"; };
		1B932A851958C0830071843D /* TVRoundedButton.h */ = {isa = PBXFileReference; fileEncoding = 4; lastKnownFileType = sourcecode.c.h; name = TVRoundedButton.h; path = View/TVRoundedButton.h; sourceTree = "<group>"; };
		1B932A861958C0830071843D /* TVRoundedButton.m */ = {isa = PBXFileReference; fileEncoding = 4; lastKnownFileType = sourcecode.c.objc; name = TVRoundedButton.m; path = View/TVRoundedButton.m; sourceTree = "<group>"; };
		1B932A881958CB210071843D /* TVHelperMethods.h */ = {isa = PBXFileReference; fileEncoding = 4; lastKnownFileType = sourcecode.c.h; path = TVHelperMethods.h; sourceTree = "<group>"; };
		1B932A891958CB210071843D /* TVHelperMethods.m */ = {isa = PBXFileReference; fileEncoding = 4; lastKnownFileType = sourcecode.c.objc; path = TVHelperMethods.m; sourceTree = "<group>"; };
		1B9AE9921950CC3600F0691B /* TVMainViewController.h */ = {isa = PBXFileReference; fileEncoding = 4; lastKnownFileType = sourcecode.c.h; name = TVMainViewController.h; path = ViewController/TVMainViewController.h; sourceTree = "<group>"; };
		1B9AE9931950CC3600F0691B /* TVMainViewController.m */ = {isa = PBXFileReference; fileEncoding = 4; lastKnownFileType = sourcecode.c.objc; name = TVMainViewController.m; path = ViewController/TVMainViewController.m; sourceTree = "<group>"; };
		1BEDB70B19566A12005FFE29 /* TVTraktUser.h */ = {isa = PBXFileReference; fileEncoding = 4; lastKnownFileType = sourcecode.c.h; name = TVTraktUser.h; path = Model/TVTraktUser.h; sourceTree = "<group>"; };
		1BEDB70C19566A12005FFE29 /* TVTraktUser.m */ = {isa = PBXFileReference; fileEncoding = 4; lastKnownFileType = sourcecode.c.objc; name = TVTraktUser.m; path = Model/TVTraktUser.m; sourceTree = "<group>"; };
		4C4B8EEB9A3846378CFFFE8B /* libPods-Tiva.a */ = {isa = PBXFileReference; explicitFileType = archive.ar; includeInIndex = 0; path = "libPods-Tiva.a"; sourceTree = BUILT_PRODUCTS_DIR; };
		97C2B7E719536DD700B0A063 /* TVShowDetailsViewController.h */ = {isa = PBXFileReference; fileEncoding = 4; lastKnownFileType = sourcecode.c.h; name = TVShowDetailsViewController.h; path = ViewController/TVShowDetailsViewController.h; sourceTree = "<group>"; };
		97C2B7E819536DD700B0A063 /* TVShowDetailsViewController.m */ = {isa = PBXFileReference; fileEncoding = 4; lastKnownFileType = sourcecode.c.objc; name = TVShowDetailsViewController.m; path = ViewController/TVShowDetailsViewController.m; sourceTree = "<group>"; };
		97C2B7E919536DD700B0A063 /* TVShowDetailsViewController.xib */ = {isa = PBXFileReference; fileEncoding = 4; lastKnownFileType = file.xib; name = TVShowDetailsViewController.xib; path = ViewController/TVShowDetailsViewController.xib; sourceTree = "<group>"; };
		97C2B7EC1957772800B0A063 /* BreakingBadPoster.jpeg */ = {isa = PBXFileReference; lastKnownFileType = image.jpeg; path = BreakingBadPoster.jpeg; sourceTree = "<group>"; };
		97C2B7EE1957776D00B0A063 /* 1372240878_breaking_bad.jpeg */ = {isa = PBXFileReference; lastKnownFileType = image.jpeg; path = 1372240878_breaking_bad.jpeg; sourceTree = "<group>"; };
		A2CDCFCA986B4336B6D893D2 /* Pods-Tiva.xcconfig */ = {isa = PBXFileReference; includeInIndex = 1; lastKnownFileType = text.xcconfig; name = "Pods-Tiva.xcconfig"; path = "Pods/Pods-Tiva.xcconfig"; sourceTree = "<group>"; };
/* End PBXFileReference section */

/* Begin PBXFrameworksBuildPhase section */
		1B7B31C419465FE600848D85 /* Frameworks */ = {
			isa = PBXFrameworksBuildPhase;
			buildActionMask = 2147483647;
			files = (
				1B0F96AC1953EE9D004FD9BD /* QuartzCore.framework in Frameworks */,
				1BC839441956753400679347 /* Foundation.framework in Frameworks */,
				1B0F96A41953EE80004FD9BD /* CFNetwork.framework in Frameworks */,
				1B0F96B21953EEAE004FD9BD /* SystemConfiguration.framework in Frameworks */,
				1B0F96B01953EEA8004FD9BD /* StoreKit.framework in Frameworks */,
				1B0F96AE1953EEA2004FD9BD /* Security.framework in Frameworks */,
				1B0F96AA1953EE97004FD9BD /* MobileCoreServices.framework in Frameworks */,
				1B0F96A81953EE91004FD9BD /* libz.dylib in Frameworks */,
				1B0F96A61953EE8C004FD9BD /* CoreLocation.framework in Frameworks */,
				1B7B31CD19465FE600848D85 /* CoreGraphics.framework in Frameworks */,
				1B0F96A21953EE77004FD9BD /* AudioToolbox.framework in Frameworks */,
				1B7B31CF19465FE600848D85 /* UIKit.framework in Frameworks */,
				37A79D7D43784F51A730C1A6 /* libPods-Tiva.a in Frameworks */,
			);
			runOnlyForDeploymentPostprocessing = 0;
		};
		1B7B31DF19465FE700848D85 /* Frameworks */ = {
			isa = PBXFrameworksBuildPhase;
			buildActionMask = 2147483647;
			files = (
				1B7B31E419465FE700848D85 /* XCTest.framework in Frameworks */,
				1B7B31E619465FE700848D85 /* UIKit.framework in Frameworks */,
				1B7B31E519465FE700848D85 /* Foundation.framework in Frameworks */,
			);
			runOnlyForDeploymentPostprocessing = 0;
		};
/* End PBXFrameworksBuildPhase section */

/* Begin PBXGroup section */
		1B0F969819536E44004FD9BD /* View */ = {
			isa = PBXGroup;
			children = (
				1B0F969519536E3F004FD9BD /* ZHHMainScrollView.h */,
				1B0F969619536E3F004FD9BD /* ZHHMainScrollView.m */,
				1B932A7E195780C20071843D /* TVCalendarShowView.h */,
				1B932A7F195780C20071843D /* TVCalendarShowView.m */,
				1B932A851958C0830071843D /* TVRoundedButton.h */,
				1B932A861958C0830071843D /* TVRoundedButton.m */,
				1B3E9BB5195A5371000D144E /* TVEpisodeTableViewCell.h */,
				1B3E9BB6195A5371000D144E /* TVEpisodeTableViewCell.m */,
			);
			name = View;
			sourceTree = "<group>";
		};
		1B0F96991953DE13004FD9BD /* OpenSource */ = {
			isa = PBXGroup;
			children = (
				1B0F969A1953DE13004FD9BD /* ZHHHandyMacros */,
			);
			name = OpenSource;
			path = Tiva/OpenSource;
			sourceTree = "<group>";
		};
		1B0F969A1953DE13004FD9BD /* ZHHHandyMacros */ = {
			isa = PBXGroup;
			children = (
				1B0F969B1953DE13004FD9BD /* ZHHHandyMacros.h */,
				1B0F969C1953DE13004FD9BD /* ZHHHandyMacros.m */,
			);
			path = ZHHHandyMacros;
			sourceTree = "<group>";
		};
		1B0F96B31953EF02004FD9BD /* Category */ = {
			isa = PBXGroup;
			children = (
				1B0F96F41955DD8D004FD9BD /* PJR-NSString-Category */,
				1B0F96B41953EF02004FD9BD /* UIApplication+AppVersion.h */,
				1B0F96B51953EF02004FD9BD /* UIApplication+AppVersion.m */,
				1B0F96B61953EF02004FD9BD /* UIDevice-Hardware.h */,
				1B0F96B71953EF02004FD9BD /* UIDevice-Hardware.m */,
				1B932A81195792F90071843D /* NSMutableArray+InsertInOrder.h */,
				1B932A82195792F90071843D /* NSMutableArray+InsertInOrder.m */,
			);
			name = Category;
			path = Tiva/Category;
			sourceTree = "<group>";
		};
		1B0F96BA1953EF1E004FD9BD /* Others */ = {
			isa = PBXGroup;
			children = (
				1B0F96F11954CF4A004FD9BD /* TVAPIClient.h */,
				1B0F96F21954CF4A004FD9BD /* TVAPIClient.m */,
				1B0F96BD1953EF1E004FD9BD /* ZHHParseDevice.h */,
				1B0F96BE1953EF1E004FD9BD /* ZHHParseDevice.m */,
				1B932A881958CB210071843D /* TVHelperMethods.h */,
				1B932A891958CB210071843D /* TVHelperMethods.m */,
			);
			path = Others;
			sourceTree = "<group>";
		};
		1B0F96DC19547C3D004FD9BD /* Model */ = {
			isa = PBXGroup;
			children = (
				1B0F96EE1954C3B9004FD9BD /* TVShowStore.h */,
				1B0F96EF1954C3B9004FD9BD /* TVShowStore.m */,
				1B0F96DD19547C5A004FD9BD /* TVShow.h */,
				1B0F96DE19547C5A004FD9BD /* TVShow.m */,
				1B0F96D919547C39004FD9BD /* TVEpisode.h */,
				1B0F96DA19547C39004FD9BD /* TVEpisode.m */,
				1BEDB70B19566A12005FFE29 /* TVTraktUser.h */,
				1BEDB70C19566A12005FFE29 /* TVTraktUser.m */,
			);
			name = Model;
			sourceTree = "<group>";
		};
		1B0F96F41955DD8D004FD9BD /* PJR-NSString-Category */ = {
			isa = PBXGroup;
			children = (
				1B0F96F51955DD8D004FD9BD /* NSString+PJR.h */,
				1B0F96F61955DD8D004FD9BD /* NSString+PJR.m */,
				1B0F96F71955DD8D004FD9BD /* README.md */,
			);
			name = "PJR-NSString-Category";
			path = "../OpenSource/PJR-NSString-Category";
			sourceTree = "<group>";
		};
		1B7B31BE19465FE600848D85 = {
			isa = PBXGroup;
			children = (
				1B0F96991953DE13004FD9BD /* OpenSource */,
				1B0F96B31953EF02004FD9BD /* Category */,
				1B7B31D019465FE600848D85 /* Tiva */,
				1B7B31E919465FE700848D85 /* TivaTests */,
				1B7B31C919465FE600848D85 /* Frameworks */,
				1B7B31C819465FE600848D85 /* Products */,
				A2CDCFCA986B4336B6D893D2 /* Pods-Tiva.xcconfig */,
			);
			sourceTree = "<group>";
		};
		1B7B31C819465FE600848D85 /* Products */ = {
			isa = PBXGroup;
			children = (
				1B7B31C719465FE600848D85 /* Tiva.app */,
				1B7B31E219465FE700848D85 /* TivaTests.xctest */,
			);
			name = Products;
			sourceTree = "<group>";
		};
		1B7B31C919465FE600848D85 /* Frameworks */ = {
			isa = PBXGroup;
			children = (
				1B0F96B11953EEAE004FD9BD /* SystemConfiguration.framework */,
				1B0F96AF1953EEA8004FD9BD /* StoreKit.framework */,
				1B0F96AD1953EEA2004FD9BD /* Security.framework */,
				1B0F96AB1953EE9D004FD9BD /* QuartzCore.framework */,
				1B0F96A91953EE97004FD9BD /* MobileCoreServices.framework */,
				1B0F96A71953EE91004FD9BD /* libz.dylib */,
				1B0F96A51953EE8C004FD9BD /* CoreLocation.framework */,
				1B0F96A31953EE80004FD9BD /* CFNetwork.framework */,
				1B0F96A11953EE77004FD9BD /* AudioToolbox.framework */,
				1B7B31CA19465FE600848D85 /* Foundation.framework */,
				1B7B31CC19465FE600848D85 /* CoreGraphics.framework */,
				1B7B31CE19465FE600848D85 /* UIKit.framework */,
				1B7B31E319465FE700848D85 /* XCTest.framework */,
				4C4B8EEB9A3846378CFFFE8B /* libPods-Tiva.a */,
			);
			name = Frameworks;
			sourceTree = "<group>";
		};
		1B7B31D019465FE600848D85 /* Tiva */ = {
			isa = PBXGroup;
			children = (
				1B7B31D919465FE700848D85 /* TVAppDelegate.h */,
				1B7B31DA19465FE700848D85 /* TVAppDelegate.m */,
				1B0F96DC19547C3D004FD9BD /* Model */,
				1B0F969819536E44004FD9BD /* View */,
				1B9AE9951950CC4200F0691B /* ViewController */,
				1B0F96BA1953EF1E004FD9BD /* Others */,
				1B932A8419579BAC0071843D /* Resources */,
				1B7B31DC19465FE700848D85 /* Images.xcassets */,
				1B7B31D119465FE700848D85 /* Supporting Files */,
			);
			path = Tiva;
			sourceTree = "<group>";
		};
		1B7B31D119465FE700848D85 /* Supporting Files */ = {
			isa = PBXGroup;
			children = (
				1B7B31D219465FE700848D85 /* Tiva-Info.plist */,
				1B7B31D319465FE700848D85 /* InfoPlist.strings */,
				1B7B31D619465FE700848D85 /* main.m */,
				1B7B31D819465FE700848D85 /* Tiva-Prefix.pch */,
			);
			name = "Supporting Files";
			sourceTree = "<group>";
		};
		1B7B31E919465FE700848D85 /* TivaTests */ = {
			isa = PBXGroup;
			children = (
				1B7B31EF19465FE700848D85 /* TivaTests.m */,
				1B7B31EA19465FE700848D85 /* Supporting Files */,
			);
			path = TivaTests;
			sourceTree = "<group>";
		};
		1B7B31EA19465FE700848D85 /* Supporting Files */ = {
			isa = PBXGroup;
			children = (
				1B7B31EB19465FE700848D85 /* TivaTests-Info.plist */,
				1B7B31EC19465FE700848D85 /* InfoPlist.strings */,
			);
			name = "Supporting Files";
			sourceTree = "<group>";
		};
		1B932A8419579BAC0071843D /* Resources */ = {
			isa = PBXGroup;
			children = (
				97C2B7EE1957776D00B0A063 /* 1372240878_breaking_bad.jpeg */,
				97C2B7EC1957772800B0A063 /* BreakingBadPoster.jpeg */,
			);
			name = Resources;
			path = Others;
			sourceTree = "<group>";
		};
		1B9AE9951950CC4200F0691B /* ViewController */ = {
			isa = PBXGroup;
			children = (
				1B9AE9921950CC3600F0691B /* TVMainViewController.h */,
				1B9AE9931950CC3600F0691B /* TVMainViewController.m */,
				1B7EC5E3195910A400489712 /* TVLoginViewController.h */,
				1B7EC5E4195910A400489712 /* TVLoginViewController.m */,
				1B932A7B19577EF50071843D /* TVCalendarViewController.h */,
				1B932A7C19577EF50071843D /* TVCalendarViewController.m */,
				97C2B7E719536DD700B0A063 /* TVShowDetailsViewController.h */,
				97C2B7E819536DD700B0A063 /* TVShowDetailsViewController.m */,
				97C2B7E919536DD700B0A063 /* TVShowDetailsViewController.xib */,
			);
			name = ViewController;
			sourceTree = "<group>";
		};
/* End PBXGroup section */

/* Begin PBXNativeTarget section */
		1B7B31C619465FE600848D85 /* Tiva */ = {
			isa = PBXNativeTarget;
			buildConfigurationList = 1B7B31F319465FE700848D85 /* Build configuration list for PBXNativeTarget "Tiva" */;
			buildPhases = (
				87EB2C50A5E84DBF867ED5BD /* Check Pods Manifest.lock */,
				1B7B31C319465FE600848D85 /* Sources */,
				1B7B31C419465FE600848D85 /* Frameworks */,
				1B7B31C519465FE600848D85 /* Resources */,
				FCF19283AE1C4AE8BEE22A6E /* Copy Pods Resources */,
			);
			buildRules = (
			);
			dependencies = (
			);
			name = Tiva;
			productName = Tiva;
			productReference = 1B7B31C719465FE600848D85 /* Tiva.app */;
			productType = "com.apple.product-type.application";
		};
		1B7B31E119465FE700848D85 /* TivaTests */ = {
			isa = PBXNativeTarget;
			buildConfigurationList = 1B7B31F619465FE700848D85 /* Build configuration list for PBXNativeTarget "TivaTests" */;
			buildPhases = (
				1B7B31DE19465FE700848D85 /* Sources */,
				1B7B31DF19465FE700848D85 /* Frameworks */,
				1B7B31E019465FE700848D85 /* Resources */,
			);
			buildRules = (
			);
			dependencies = (
				1B7B31E819465FE700848D85 /* PBXTargetDependency */,
			);
			name = TivaTests;
			productName = TivaTests;
			productReference = 1B7B31E219465FE700848D85 /* TivaTests.xctest */;
			productType = "com.apple.product-type.bundle.unit-test";
		};
/* End PBXNativeTarget section */

/* Begin PBXProject section */
		1B7B31BF19465FE600848D85 /* Project object */ = {
			isa = PBXProject;
			attributes = {
				CLASSPREFIX = TV;
				LastUpgradeCheck = 0510;
				ORGANIZATIONNAME = "org-honghao";
				TargetAttributes = {
					1B7B31E119465FE700848D85 = {
						TestTargetID = 1B7B31C619465FE600848D85;
					};
				};
			};
			buildConfigurationList = 1B7B31C219465FE600848D85 /* Build configuration list for PBXProject "Tiva" */;
			compatibilityVersion = "Xcode 3.2";
			developmentRegion = English;
			hasScannedForEncodings = 0;
			knownRegions = (
				en,
			);
			mainGroup = 1B7B31BE19465FE600848D85;
			productRefGroup = 1B7B31C819465FE600848D85 /* Products */;
			projectDirPath = "";
			projectRoot = "";
			targets = (
				1B7B31C619465FE600848D85 /* Tiva */,
				1B7B31E119465FE700848D85 /* TivaTests */,
			);
		};
/* End PBXProject section */

/* Begin PBXResourcesBuildPhase section */
		1B7B31C519465FE600848D85 /* Resources */ = {
			isa = PBXResourcesBuildPhase;
			buildActionMask = 2147483647;
			files = (
				97C2B7EB19536DD700B0A063 /* TVShowDetailsViewController.xib in Resources */,
				97C2B7ED1957772800B0A063 /* BreakingBadPoster.jpeg in Resources */,
				97C2B7EF1957776D00B0A063 /* 1372240878_breaking_bad.jpeg in Resources */,
				1B7B31D519465FE700848D85 /* InfoPlist.strings in Resources */,
				1B0F96F91955DD8D004FD9BD /* README.md in Resources */,
				1B7B31DD19465FE700848D85 /* Images.xcassets in Resources */,
			);
			runOnlyForDeploymentPostprocessing = 0;
		};
		1B7B31E019465FE700848D85 /* Resources */ = {
			isa = PBXResourcesBuildPhase;
			buildActionMask = 2147483647;
			files = (
				1B7B31EE19465FE700848D85 /* InfoPlist.strings in Resources */,
			);
			runOnlyForDeploymentPostprocessing = 0;
		};
/* End PBXResourcesBuildPhase section */

/* Begin PBXShellScriptBuildPhase section */
		87EB2C50A5E84DBF867ED5BD /* Check Pods Manifest.lock */ = {
			isa = PBXShellScriptBuildPhase;
			buildActionMask = 2147483647;
			files = (
			);
			inputPaths = (
			);
			name = "Check Pods Manifest.lock";
			outputPaths = (
			);
			runOnlyForDeploymentPostprocessing = 0;
			shellPath = /bin/sh;
			shellScript = "diff \"${PODS_ROOT}/../Podfile.lock\" \"${PODS_ROOT}/Manifest.lock\" > /dev/null\nif [[ $? != 0 ]] ; then\n    cat << EOM\nerror: The sandbox is not in sync with the Podfile.lock. Run 'pod install' or update your CocoaPods installation.\nEOM\n    exit 1\nfi\n";
			showEnvVarsInLog = 0;
		};
		FCF19283AE1C4AE8BEE22A6E /* Copy Pods Resources */ = {
			isa = PBXShellScriptBuildPhase;
			buildActionMask = 2147483647;
			files = (
			);
			inputPaths = (
			);
			name = "Copy Pods Resources";
			outputPaths = (
			);
			runOnlyForDeploymentPostprocessing = 0;
			shellPath = /bin/sh;
			shellScript = "\"${SRCROOT}/Pods/Pods-Tiva-resources.sh\"\n";
			showEnvVarsInLog = 0;
		};
/* End PBXShellScriptBuildPhase section */

/* Begin PBXSourcesBuildPhase section */
		1B7B31C319465FE600848D85 /* Sources */ = {
			isa = PBXSourcesBuildPhase;
			buildActionMask = 2147483647;
			files = (
				97C2B7EA19536DD700B0A063 /* TVShowDetailsViewController.m in Sources */,
				1B932A80195780C20071843D /* TVCalendarShowView.m in Sources */,
				1B9AE9941950CC3600F0691B /* TVMainViewController.m in Sources */,
				1B0F96B81953EF02004FD9BD /* UIApplication+AppVersion.m in Sources */,
				1B7B31D719465FE700848D85 /* main.m in Sources */,
				1B3E9BB7195A5371000D144E /* TVEpisodeTableViewCell.m in Sources */,
				1B0F96F01954C3B9004FD9BD /* TVShowStore.m in Sources */,
				1B932A83195792F90071843D /* NSMutableArray+InsertInOrder.m in Sources */,
				1B0F969D1953DE13004FD9BD /* ZHHHandyMacros.m in Sources */,
				1B932A871958C0830071843D /* TVRoundedButton.m in Sources */,
				1B0F96DF19547C5A004FD9BD /* TVShow.m in Sources */,
				1B0F96DB19547C39004FD9BD /* TVEpisode.m in Sources */,
				1B932A7D19577EF50071843D /* TVCalendarViewController.m in Sources */,
				1B0F969719536E3F004FD9BD /* ZHHMainScrollView.m in Sources */,
				1BEDB70D19566A12005FFE29 /* TVTraktUser.m in Sources */,
				1B932A8A1958CB210071843D /* TVHelperMethods.m in Sources */,
				1B7B31DB19465FE700848D85 /* TVAppDelegate.m in Sources */,
				1B0F96C01953EF1E004FD9BD /* ZHHParseDevice.m in Sources */,
				1B0F96B91953EF02004FD9BD /* UIDevice-Hardware.m in Sources */,
				1B0F96F81955DD8D004FD9BD /* NSString+PJR.m in Sources */,
				1B0F96F31954CF4A004FD9BD /* TVAPIClient.m in Sources */,
				1B7EC5E5195910A400489712 /* TVLoginViewController.m in Sources */,
			);
			runOnlyForDeploymentPostprocessing = 0;
		};
		1B7B31DE19465FE700848D85 /* Sources */ = {
			isa = PBXSourcesBuildPhase;
			buildActionMask = 2147483647;
			files = (
				1B7B31F019465FE700848D85 /* TivaTests.m in Sources */,
			);
			runOnlyForDeploymentPostprocessing = 0;
		};
/* End PBXSourcesBuildPhase section */

/* Begin PBXTargetDependency section */
		1B7B31E819465FE700848D85 /* PBXTargetDependency */ = {
			isa = PBXTargetDependency;
			target = 1B7B31C619465FE600848D85 /* Tiva */;
			targetProxy = 1B7B31E719465FE700848D85 /* PBXContainerItemProxy */;
		};
/* End PBXTargetDependency section */

/* Begin PBXVariantGroup section */
		1B7B31D319465FE700848D85 /* InfoPlist.strings */ = {
			isa = PBXVariantGroup;
			children = (
				1B7B31D419465FE700848D85 /* en */,
			);
			name = InfoPlist.strings;
			sourceTree = "<group>";
		};
		1B7B31EC19465FE700848D85 /* InfoPlist.strings */ = {
			isa = PBXVariantGroup;
			children = (
				1B7B31ED19465FE700848D85 /* en */,
			);
			name = InfoPlist.strings;
			sourceTree = "<group>";
		};
/* End PBXVariantGroup section */

/* Begin XCBuildConfiguration section */
		1B7B31F119465FE700848D85 /* Debug */ = {
			isa = XCBuildConfiguration;
			buildSettings = {
				ALWAYS_SEARCH_USER_PATHS = NO;
				CLANG_CXX_LANGUAGE_STANDARD = "gnu++0x";
				CLANG_CXX_LIBRARY = "libc++";
				CLANG_ENABLE_MODULES = YES;
				CLANG_ENABLE_OBJC_ARC = YES;
				CLANG_WARN_BOOL_CONVERSION = YES;
				CLANG_WARN_CONSTANT_CONVERSION = YES;
				CLANG_WARN_DIRECT_OBJC_ISA_USAGE = YES_ERROR;
				CLANG_WARN_EMPTY_BODY = YES;
				CLANG_WARN_ENUM_CONVERSION = YES;
				CLANG_WARN_INT_CONVERSION = YES;
				CLANG_WARN_OBJC_ROOT_CLASS = YES_ERROR;
				CLANG_WARN__DUPLICATE_METHOD_MATCH = YES;
				"CODE_SIGN_IDENTITY[sdk=iphoneos*]" = "iPhone Developer";
				COPY_PHASE_STRIP = NO;
				GCC_C_LANGUAGE_STANDARD = gnu99;
				GCC_DYNAMIC_NO_PIC = NO;
				GCC_OPTIMIZATION_LEVEL = 0;
				GCC_PREPROCESSOR_DEFINITIONS = (
					"DEBUG=1",
					"$(inherited)",
				);
				GCC_SYMBOLS_PRIVATE_EXTERN = NO;
				GCC_WARN_64_TO_32_BIT_CONVERSION = YES;
				GCC_WARN_ABOUT_RETURN_TYPE = YES_ERROR;
				GCC_WARN_UNDECLARED_SELECTOR = YES;
				GCC_WARN_UNINITIALIZED_AUTOS = YES_AGGRESSIVE;
				GCC_WARN_UNUSED_FUNCTION = YES;
				GCC_WARN_UNUSED_VARIABLE = YES;
				IPHONEOS_DEPLOYMENT_TARGET = 7.1;
				ONLY_ACTIVE_ARCH = YES;
				SDKROOT = iphoneos;
			};
			name = Debug;
		};
		1B7B31F219465FE700848D85 /* Release */ = {
			isa = XCBuildConfiguration;
			buildSettings = {
				ALWAYS_SEARCH_USER_PATHS = NO;
				CLANG_CXX_LANGUAGE_STANDARD = "gnu++0x";
				CLANG_CXX_LIBRARY = "libc++";
				CLANG_ENABLE_MODULES = YES;
				CLANG_ENABLE_OBJC_ARC = YES;
				CLANG_WARN_BOOL_CONVERSION = YES;
				CLANG_WARN_CONSTANT_CONVERSION = YES;
				CLANG_WARN_DIRECT_OBJC_ISA_USAGE = YES_ERROR;
				CLANG_WARN_EMPTY_BODY = YES;
				CLANG_WARN_ENUM_CONVERSION = YES;
				CLANG_WARN_INT_CONVERSION = YES;
				CLANG_WARN_OBJC_ROOT_CLASS = YES_ERROR;
				CLANG_WARN__DUPLICATE_METHOD_MATCH = YES;
				"CODE_SIGN_IDENTITY[sdk=iphoneos*]" = "iPhone Developer";
				COPY_PHASE_STRIP = YES;
				ENABLE_NS_ASSERTIONS = NO;
				GCC_C_LANGUAGE_STANDARD = gnu99;
				GCC_WARN_64_TO_32_BIT_CONVERSION = YES;
				GCC_WARN_ABOUT_RETURN_TYPE = YES_ERROR;
				GCC_WARN_UNDECLARED_SELECTOR = YES;
				GCC_WARN_UNINITIALIZED_AUTOS = YES_AGGRESSIVE;
				GCC_WARN_UNUSED_FUNCTION = YES;
				GCC_WARN_UNUSED_VARIABLE = YES;
				IPHONEOS_DEPLOYMENT_TARGET = 7.1;
				SDKROOT = iphoneos;
				VALIDATE_PRODUCT = YES;
			};
			name = Release;
		};
		1B7B31F419465FE700848D85 /* Debug */ = {
			isa = XCBuildConfiguration;
			baseConfigurationReference = A2CDCFCA986B4336B6D893D2 /* Pods-Tiva.xcconfig */;
			buildSettings = {
				ASSETCATALOG_COMPILER_APPICON_NAME = AppIcon;
				ASSETCATALOG_COMPILER_LAUNCHIMAGE_NAME = LaunchImage;
				FRAMEWORK_SEARCH_PATHS = "$(inherited)";
				GCC_PRECOMPILE_PREFIX_HEADER = YES;
				GCC_PREFIX_HEADER = "Tiva/Tiva-Prefix.pch";
				INFOPLIST_FILE = "Tiva/Tiva-Info.plist";
				IPHONEOS_DEPLOYMENT_TARGET = 7.0;
				LIBRARY_SEARCH_PATHS = "$(inherited)";
				PRODUCT_NAME = "$(TARGET_NAME)";
				TARGETED_DEVICE_FAMILY = 2;
				VALID_ARCHS = "arm64 armv7 armv7s";
				WRAPPER_EXTENSION = app;
			};
			name = Debug;
		};
		1B7B31F519465FE700848D85 /* Release */ = {
			isa = XCBuildConfiguration;
			baseConfigurationReference = A2CDCFCA986B4336B6D893D2 /* Pods-Tiva.xcconfig */;
			buildSettings = {
				ASSETCATALOG_COMPILER_APPICON_NAME = AppIcon;
				ASSETCATALOG_COMPILER_LAUNCHIMAGE_NAME = LaunchImage;
				FRAMEWORK_SEARCH_PATHS = "$(inherited)";
				GCC_PRECOMPILE_PREFIX_HEADER = YES;
				GCC_PREFIX_HEADER = "Tiva/Tiva-Prefix.pch";
				INFOPLIST_FILE = "Tiva/Tiva-Info.plist";
				IPHONEOS_DEPLOYMENT_TARGET = 7.0;
				LIBRARY_SEARCH_PATHS = "$(inherited)";
				PRODUCT_NAME = "$(TARGET_NAME)";
				TARGETED_DEVICE_FAMILY = 2;
				VALID_ARCHS = "arm64 armv7 armv7s";
				WRAPPER_EXTENSION = app;
			};
			name = Release;
		};
		1B7B31F719465FE700848D85 /* Debug */ = {
			isa = XCBuildConfiguration;
			buildSettings = {
				BUNDLE_LOADER = "$(BUILT_PRODUCTS_DIR)/Tiva.app/Tiva";
				FRAMEWORK_SEARCH_PATHS = (
					"$(SDKROOT)/Developer/Library/Frameworks",
					"$(inherited)",
					"$(DEVELOPER_FRAMEWORKS_DIR)",
				);
				GCC_PRECOMPILE_PREFIX_HEADER = YES;
				GCC_PREFIX_HEADER = "Tiva/Tiva-Prefix.pch";
				GCC_PREPROCESSOR_DEFINITIONS = (
					"DEBUG=1",
					"$(inherited)",
				);
				INFOPLIST_FILE = "TivaTests/TivaTests-Info.plist";
				PRODUCT_NAME = "$(TARGET_NAME)";
				TEST_HOST = "$(BUNDLE_LOADER)";
				WRAPPER_EXTENSION = xctest;
			};
			name = Debug;
		};
		1B7B31F819465FE700848D85 /* Release */ = {
			isa = XCBuildConfiguration;
			buildSettings = {
				BUNDLE_LOADER = "$(BUILT_PRODUCTS_DIR)/Tiva.app/Tiva";
				FRAMEWORK_SEARCH_PATHS = (
					"$(SDKROOT)/Developer/Library/Frameworks",
					"$(inherited)",
					"$(DEVELOPER_FRAMEWORKS_DIR)",
				);
				GCC_PRECOMPILE_PREFIX_HEADER = YES;
				GCC_PREFIX_HEADER = "Tiva/Tiva-Prefix.pch";
				INFOPLIST_FILE = "TivaTests/TivaTests-Info.plist";
				PRODUCT_NAME = "$(TARGET_NAME)";
				TEST_HOST = "$(BUNDLE_LOADER)";
				WRAPPER_EXTENSION = xctest;
			};
			name = Release;
		};
/* End XCBuildConfiguration section */

/* Begin XCConfigurationList section */
		1B7B31C219465FE600848D85 /* Build configuration list for PBXProject "Tiva" */ = {
			isa = XCConfigurationList;
			buildConfigurations = (
				1B7B31F119465FE700848D85 /* Debug */,
				1B7B31F219465FE700848D85 /* Release */,
			);
			defaultConfigurationIsVisible = 0;
			defaultConfigurationName = Release;
		};
		1B7B31F319465FE700848D85 /* Build configuration list for PBXNativeTarget "Tiva" */ = {
			isa = XCConfigurationList;
			buildConfigurations = (
				1B7B31F419465FE700848D85 /* Debug */,
				1B7B31F519465FE700848D85 /* Release */,
			);
			defaultConfigurationIsVisible = 0;
			defaultConfigurationName = Release;
		};
		1B7B31F619465FE700848D85 /* Build configuration list for PBXNativeTarget "TivaTests" */ = {
			isa = XCConfigurationList;
			buildConfigurations = (
				1B7B31F719465FE700848D85 /* Debug */,
				1B7B31F819465FE700848D85 /* Release */,
			);
			defaultConfigurationIsVisible = 0;
			defaultConfigurationName = Release;
		};
/* End XCConfigurationList section */
	};
	rootObject = 1B7B31BF19465FE600848D85 /* Project object */;
}
